
Microsoft Visual Studio Solution File, Format Version 12.00
# Visual Studio 14
VisualStudioVersion = 14.0.25123.0
MinimumVisualStudioVersion = 10.0.40219.1
Project("{888888A0-9F3D-457C-B088-3A5042F75D52}") = "Turtles - Assignment 2 (Version 1)", "Turtles - Assignment 2 (Version 1)\Turtles - Assignment 2 (Version 1).pyproj", "{7321E842-1DD2-4B76-A987-267C22F9E862}"
EndProject
Global
	GlobalSection(SolutionConfigurationPlatforms) = preSolution
		Debug|Any CPU = Debug|Any CPU
		Release|Any CPU = Release|Any CPU
	EndGlobalSection
	GlobalSection(ProjectConfigurationPlatforms) = postSolution
		{7321E842-1DD2-4B76-A987-267C22F9E862}.Debug|Any CPU.ActiveCfg = Debug|Any CPU
		{7321E842-1DD2-4B76-A987-267C22F9E862}.Release|Any CPU.ActiveCfg = Release|Any CPU
	EndGlobalSection
	GlobalSection(SolutionProperties) = preSolution
		HideSolutionNode = FALSE
	EndGlobalSection
EndGlobal
